
Microsoft Visual Studio Solution File, Format Version 12.00
# Visual Studio 15
VisualStudioVersion = 15.0.26730.16
MinimumVisualStudioVersion = 10.0.40219.1
Project("{FAE04EC0-301F-11D3-BF4B-00C04F79EFBC}") = "IPSolver", "IPSolver\IPSolver.csproj", "{67CCFA9A-645E-4592-897D-92B71E9868CD}"
EndProject
Global
	GlobalSection(SolutionConfigurationPlatforms) = preSolution
		Debug|Any CPU = Debug|Any CPU
		Release|Any CPU = Release|Any CPU
	EndGlobalSection
	GlobalSection(ProjectConfigurationPlatforms) = postSolution
		{67CCFA9A-645E-4592-897D-92B71E9868CD}.Debug|Any CPU.ActiveCfg = Debug|Any CPU
		{67CCFA9A-645E-4592-897D-92B71E9868CD}.Debug|Any CPU.Build.0 = Debug|Any CPU
		{67CCFA9A-645E-4592-897D-92B71E9868CD}.Release|Any CPU.ActiveCfg = Release|Any CPU
		{67CCFA9A-645E-4592-897D-92B71E9868CD}.Release|Any CPU.Build.0 = Release|Any CPU
	EndGlobalSection
	GlobalSection(SolutionProperties) = preSolution
		HideSolutionNode = FALSE
	EndGlobalSection
	GlobalSection(ExtensibilityGlobals) = postSolution
		SolutionGuid = {ED3FCA49-C271-410F-8524-66E782014161}
	EndGlobalSection
EndGlobal
